
Microsoft Visual Studio Solution File, Format Version 12.00
# Visual Studio 14
VisualStudioVersion = 14.0.25420.1
MinimumVisualStudioVersion = 10.0.40219.1
Project("{2150E333-8FDC-42A3-9474-1A3956D46DE8}") = "src", "src", "{74301808-4269-4E2B-AC16-8A9AE8194057}"
EndProject
Project("{2150E333-8FDC-42A3-9474-1A3956D46DE8}") = "Solution Items", "Solution Items", "{CD20AF5D-2AF7-4DD3-9E44-51C1F10E8F33}"
	ProjectSection(SolutionItems) = preProject
		global.json = global.json
	EndProjectSection
EndProject
Project("{8BB2217D-0F2D-49D1-97BC-3654ED321F3B}") = "BrewMasterWebApp", "src\BrewMasterWebApp\BrewMasterWebApp.xproj", "{756CD4EF-3D8C-49D8-BF13-8E97E2248998}"
EndProject
Global
	GlobalSection(SolutionConfigurationPlatforms) = preSolution
		Debug|Any CPU = Debug|Any CPU
		Release|Any CPU = Release|Any CPU
	EndGlobalSection
	GlobalSection(ProjectConfigurationPlatforms) = postSolution
		{756CD4EF-3D8C-49D8-BF13-8E97E2248998}.Debug|Any CPU.ActiveCfg = Debug|Any CPU
		{756CD4EF-3D8C-49D8-BF13-8E97E2248998}.Debug|Any CPU.Build.0 = Debug|Any CPU
		{756CD4EF-3D8C-49D8-BF13-8E97E2248998}.Release|Any CPU.ActiveCfg = Release|Any CPU
		{756CD4EF-3D8C-49D8-BF13-8E97E2248998}.Release|Any CPU.Build.0 = Release|Any CPU
	EndGlobalSection
	GlobalSection(SolutionProperties) = preSolution
		HideSolutionNode = FALSE
	EndGlobalSection
	GlobalSection(NestedProjects) = preSolution
		{756CD4EF-3D8C-49D8-BF13-8E97E2248998} = {74301808-4269-4E2B-AC16-8A9AE8194057}
	EndGlobalSection
EndGlobal
